{
  "name": "shizirui",
  "lockfileVersion": 3,
  "requires": true,
  "packages": {
    "": {
      "dependencies": {
        "node-pyrunner": "^1.0.6"
      }
    },
    "node_modules/node-pyrunner": {
      "version": "1.0.6",
      "resolved": "https://registry.npmmirror.com/node-pyrunner/-/node-pyrunner-1.0.6.tgz",
      "integrity": "sha512-zgh7o2orOh4gszOA119CnrQNH6KNH0N/EOLFQmE2zcHvKswTWl1tktt7W4SdE+f4T6xs4Fs0RcvyIdSXeCIyYg=="
    }
  }
}
